
Microsoft Visual Studio Solution File, Format Version 12.00
# Visual Studio 15
VisualStudioVersion = 15.0.28010.2036
MinimumVisualStudioVersion = 10.0.40219.1
Project("{FAE04EC0-301F-11D3-BF4B-00C04F79EFBC}") = "WallpaperEngineSupervisor", "WallpaperEngineSupervisor\WallpaperEngineSupervisor.csproj", "{23F0804E-1550-4DD7-81B7-725D51024EF4}"
EndProject
Global
	GlobalSection(SolutionConfigurationPlatforms) = preSolution
		Debug|Any CPU = Debug|Any CPU
		Release|Any CPU = Release|Any CPU
	EndGlobalSection
	GlobalSection(ProjectConfigurationPlatforms) = postSolution
		{23F0804E-1550-4DD7-81B7-725D51024EF4}.Debug|Any CPU.ActiveCfg = Debug|Any CPU
		{23F0804E-1550-4DD7-81B7-725D51024EF4}.Debug|Any CPU.Build.0 = Debug|Any CPU
		{23F0804E-1550-4DD7-81B7-725D51024EF4}.Release|Any CPU.ActiveCfg = Release|Any CPU
		{23F0804E-1550-4DD7-81B7-725D51024EF4}.Release|Any CPU.Build.0 = Release|Any CPU
	EndGlobalSection
	GlobalSection(SolutionProperties) = preSolution
		HideSolutionNode = FALSE
	EndGlobalSection
	GlobalSection(ExtensibilityGlobals) = postSolution
		SolutionGuid = {DD84534A-4DEB-4809-915E-22330F02E9FA}
	EndGlobalSection
EndGlobal
